
Microsoft Visual Studio Solution File, Format Version 12.00
# Visual Studio 15
VisualStudioVersion = 15.0.27130.2024
MinimumVisualStudioVersion = 10.0.40219.1
Project("{9A19103F-16F7-4668-BE54-9A1E7A4F7556}") = "CoreApp", "CoreApp\CoreApp.csproj", "{74610989-C391-46F2-9FA6-240497498BF6}"
EndProject
Project("{9A19103F-16F7-4668-BE54-9A1E7A4F7556}") = "CoreApp.Configuration", "CoreApp.Configuration\CoreApp.Configuration.csproj", "{8CDE9DAE-C0EF-4300-A985-8F0092533E5A}"
EndProject
Project("{9A19103F-16F7-4668-BE54-9A1E7A4F7556}") = "CoreApp.Data", "CoreApp.Data\CoreApp.Data.csproj", "{758753A7-032F-40D8-B5F9-9E96E227D540}"
EndProject
Project("{9A19103F-16F7-4668-BE54-9A1E7A4F7556}") = "CoreApp.Service", "CoreApp.Service\CoreApp.Service.csproj", "{DE485A8B-5157-48A9-B0D9-4D1F9D88D709}"
EndProject
Project("{9A19103F-16F7-4668-BE54-9A1E7A4F7556}") = "CoreApp.Infrastructure", "CoreApp.Base\CoreApp.Infrastructure.csproj", "{AC9224D5-4EA3-4BB3-A45B-152B13B50CC2}"
EndProject
Project("{9A19103F-16F7-4668-BE54-9A1E7A4F7556}") = "CoreApp.EntityFramework", "CoreApp.EntityFramework\CoreApp.EntityFramework.csproj", "{ABA664A0-FF23-4599-80BE-58CAFA4D3132}"
EndProject
Global
	GlobalSection(SolutionConfigurationPlatforms) = preSolution
		Debug|Any CPU = Debug|Any CPU
		Release|Any CPU = Release|Any CPU
	EndGlobalSection
	GlobalSection(ProjectConfigurationPlatforms) = postSolution
		{74610989-C391-46F2-9FA6-240497498BF6}.Debug|Any CPU.ActiveCfg = Debug|Any CPU
		{74610989-C391-46F2-9FA6-240497498BF6}.Debug|Any CPU.Build.0 = Debug|Any CPU
		{74610989-C391-46F2-9FA6-240497498BF6}.Release|Any CPU.ActiveCfg = Release|Any CPU
		{74610989-C391-46F2-9FA6-240497498BF6}.Release|Any CPU.Build.0 = Release|Any CPU
		{8CDE9DAE-C0EF-4300-A985-8F0092533E5A}.Debug|Any CPU.ActiveCfg = Debug|Any CPU
		{8CDE9DAE-C0EF-4300-A985-8F0092533E5A}.Debug|Any CPU.Build.0 = Debug|Any CPU
		{8CDE9DAE-C0EF-4300-A985-8F0092533E5A}.Release|Any CPU.ActiveCfg = Release|Any CPU
		{8CDE9DAE-C0EF-4300-A985-8F0092533E5A}.Release|Any CPU.Build.0 = Release|Any CPU
		{758753A7-032F-40D8-B5F9-9E96E227D540}.Debug|Any CPU.ActiveCfg = Debug|Any CPU
		{758753A7-032F-40D8-B5F9-9E96E227D540}.Debug|Any CPU.Build.0 = Debug|Any CPU
		{758753A7-032F-40D8-B5F9-9E96E227D540}.Release|Any CPU.ActiveCfg = Release|Any CPU
		{758753A7-032F-40D8-B5F9-9E96E227D540}.Release|Any CPU.Build.0 = Release|Any CPU
		{DE485A8B-5157-48A9-B0D9-4D1F9D88D709}.Debug|Any CPU.ActiveCfg = Debug|Any CPU
		{DE485A8B-5157-48A9-B0D9-4D1F9D88D709}.Debug|Any CPU.Build.0 = Debug|Any CPU
		{DE485A8B-5157-48A9-B0D9-4D1F9D88D709}.Release|Any CPU.ActiveCfg = Release|Any CPU
		{DE485A8B-5157-48A9-B0D9-4D1F9D88D709}.Release|Any CPU.Build.0 = Release|Any CPU
		{AC9224D5-4EA3-4BB3-A45B-152B13B50CC2}.Debug|Any CPU.ActiveCfg = Debug|Any CPU
		{AC9224D5-4EA3-4BB3-A45B-152B13B50CC2}.Debug|Any CPU.Build.0 = Debug|Any CPU
		{AC9224D5-4EA3-4BB3-A45B-152B13B50CC2}.Release|Any CPU.ActiveCfg = Release|Any CPU
		{AC9224D5-4EA3-4BB3-A45B-152B13B50CC2}.Release|Any CPU.Build.0 = Release|Any CPU
		{ABA664A0-FF23-4599-80BE-58CAFA4D3132}.Debug|Any CPU.ActiveCfg = Debug|Any CPU
		{ABA664A0-FF23-4599-80BE-58CAFA4D3132}.Debug|Any CPU.Build.0 = Debug|Any CPU
		{ABA664A0-FF23-4599-80BE-58CAFA4D3132}.Release|Any CPU.ActiveCfg = Release|Any CPU
		{ABA664A0-FF23-4599-80BE-58CAFA4D3132}.Release|Any CPU.Build.0 = Release|Any CPU
	EndGlobalSection
	GlobalSection(SolutionProperties) = preSolution
		HideSolutionNode = FALSE
	EndGlobalSection
	GlobalSection(ExtensibilityGlobals) = postSolution
		SolutionGuid = {75617484-6016-4092-AD3F-9D6E4C64BC43}
	EndGlobalSection
EndGlobal
